
Microsoft Visual Studio Solution File, Format Version 12.00
# Visual Studio Version 17
VisualStudioVersion = 17.1.32414.318
MinimumVisualStudioVersion = 10.0.40219.1
Project("{9A19103F-16F7-4668-BE54-9A1E7A4F7556}") = "Lap01", "Lap01\Lap01.csproj", "{0683BC3D-07EF-4B6E-AB03-0398C7275D79}"
EndProject
Project("{9A19103F-16F7-4668-BE54-9A1E7A4F7556}") = "Assignment01", "Assignment01\Assignment01.csproj", "{E40845CA-AF5D-4BB1-A676-D34DD4F76B07}"
EndProject
Project("{9A19103F-16F7-4668-BE54-9A1E7A4F7556}") = "Assignment02", "Assignment02\Assignment02.csproj", "{955A3075-7F9E-4ECB-91DC-7631833FED9F}"
EndProject
Project("{9A19103F-16F7-4668-BE54-9A1E7A4F7556}") = "Exercise01", "Exercise01\Exercise01.csproj", "{28DED97A-2290-459B-9783-B04D47F20315}"
EndProject
Project("{9A19103F-16F7-4668-BE54-9A1E7A4F7556}") = "Exercise02", "Exercise02\Exercise02.csproj", "{04C1D542-AB5C-40D4-ADE5-0905E2B2C8D8}"
EndProject
Project("{9A19103F-16F7-4668-BE54-9A1E7A4F7556}") = "Exercise03", "Exercise03\Exercise03.csproj", "{D4179134-F51F-46AB-9A91-432AA49D1726}"
EndProject
Project("{FAE04EC0-301F-11D3-BF4B-00C04F79EFBC}") = "Exercise04", "Exercise04\Exercise04.csproj", "{97582C82-94F7-46E4-B98C-82B79F976AEE}"
EndProject
Global
	GlobalSection(SolutionConfigurationPlatforms) = preSolution
		Debug|Any CPU = Debug|Any CPU
		Release|Any CPU = Release|Any CPU
	EndGlobalSection
	GlobalSection(ProjectConfigurationPlatforms) = postSolution
		{0683BC3D-07EF-4B6E-AB03-0398C7275D79}.Debug|Any CPU.ActiveCfg = Debug|Any CPU
		{0683BC3D-07EF-4B6E-AB03-0398C7275D79}.Debug|Any CPU.Build.0 = Debug|Any CPU
		{0683BC3D-07EF-4B6E-AB03-0398C7275D79}.Release|Any CPU.ActiveCfg = Release|Any CPU
		{0683BC3D-07EF-4B6E-AB03-0398C7275D79}.Release|Any CPU.Build.0 = Release|Any CPU
		{E40845CA-AF5D-4BB1-A676-D34DD4F76B07}.Debug|Any CPU.ActiveCfg = Debug|Any CPU
		{E40845CA-AF5D-4BB1-A676-D34DD4F76B07}.Debug|Any CPU.Build.0 = Debug|Any CPU
		{E40845CA-AF5D-4BB1-A676-D34DD4F76B07}.Release|Any CPU.ActiveCfg = Release|Any CPU
		{E40845CA-AF5D-4BB1-A676-D34DD4F76B07}.Release|Any CPU.Build.0 = Release|Any CPU
		{955A3075-7F9E-4ECB-91DC-7631833FED9F}.Debug|Any CPU.ActiveCfg = Debug|Any CPU
		{955A3075-7F9E-4ECB-91DC-7631833FED9F}.Debug|Any CPU.Build.0 = Debug|Any CPU
		{955A3075-7F9E-4ECB-91DC-7631833FED9F}.Release|Any CPU.ActiveCfg = Release|Any CPU
		{955A3075-7F9E-4ECB-91DC-7631833FED9F}.Release|Any CPU.Build.0 = Release|Any CPU
		{28DED97A-2290-459B-9783-B04D47F20315}.Debug|Any CPU.ActiveCfg = Debug|Any CPU
		{28DED97A-2290-459B-9783-B04D47F20315}.Debug|Any CPU.Build.0 = Debug|Any CPU
		{28DED97A-2290-459B-9783-B04D47F20315}.Release|Any CPU.ActiveCfg = Release|Any CPU
		{28DED97A-2290-459B-9783-B04D47F20315}.Release|Any CPU.Build.0 = Release|Any CPU
		{04C1D542-AB5C-40D4-ADE5-0905E2B2C8D8}.Debug|Any CPU.ActiveCfg = Debug|Any CPU
		{04C1D542-AB5C-40D4-ADE5-0905E2B2C8D8}.Debug|Any CPU.Build.0 = Debug|Any CPU
		{04C1D542-AB5C-40D4-ADE5-0905E2B2C8D8}.Release|Any CPU.ActiveCfg = Release|Any CPU
		{04C1D542-AB5C-40D4-ADE5-0905E2B2C8D8}.Release|Any CPU.Build.0 = Release|Any CPU
		{D4179134-F51F-46AB-9A91-432AA49D1726}.Debug|Any CPU.ActiveCfg = Debug|Any CPU
		{D4179134-F51F-46AB-9A91-432AA49D1726}.Debug|Any CPU.Build.0 = Debug|Any CPU
		{D4179134-F51F-46AB-9A91-432AA49D1726}.Release|Any CPU.ActiveCfg = Release|Any CPU
		{D4179134-F51F-46AB-9A91-432AA49D1726}.Release|Any CPU.Build.0 = Release|Any CPU
		{97582C82-94F7-46E4-B98C-82B79F976AEE}.Debug|Any CPU.ActiveCfg = Debug|Any CPU
		{97582C82-94F7-46E4-B98C-82B79F976AEE}.Debug|Any CPU.Build.0 = Debug|Any CPU
		{97582C82-94F7-46E4-B98C-82B79F976AEE}.Release|Any CPU.ActiveCfg = Release|Any CPU
		{97582C82-94F7-46E4-B98C-82B79F976AEE}.Release|Any CPU.Build.0 = Release|Any CPU
	EndGlobalSection
	GlobalSection(SolutionProperties) = preSolution
		HideSolutionNode = FALSE
	EndGlobalSection
	GlobalSection(ExtensibilityGlobals) = postSolution
		SolutionGuid = {7BFDCFDD-EA6A-4C26-98BA-D8183E016609}
	EndGlobalSection
EndGlobal
